
Microsoft Visual Studio Solution File, Format Version 12.00
# Visual Studio Version 16
VisualStudioVersion = 16.0.30114.105
MinimumVisualStudioVersion = 10.0.40219.1
Project("{FAE04EC0-301F-11D3-BF4B-00C04F79EFBC}") = "proyecto2", "proyecto2.csproj", "{EEE46AB8-0EA8-4B60-B534-349192B1168E}"
EndProject
Global
	GlobalSection(SolutionConfigurationPlatforms) = preSolution
		Debug|Any CPU = Debug|Any CPU
		Release|Any CPU = Release|Any CPU
	EndGlobalSection
	GlobalSection(ProjectConfigurationPlatforms) = postSolution
		{EEE46AB8-0EA8-4B60-B534-349192B1168E}.Debug|Any CPU.ActiveCfg = Debug|Any CPU
		{EEE46AB8-0EA8-4B60-B534-349192B1168E}.Debug|Any CPU.Build.0 = Debug|Any CPU
		{EEE46AB8-0EA8-4B60-B534-349192B1168E}.Release|Any CPU.ActiveCfg = Release|Any CPU
		{EEE46AB8-0EA8-4B60-B534-349192B1168E}.Release|Any CPU.Build.0 = Release|Any CPU
	EndGlobalSection
	GlobalSection(SolutionProperties) = preSolution
		HideSolutionNode = FALSE
	EndGlobalSection
	GlobalSection(ExtensibilityGlobals) = postSolution
		SolutionGuid = {0037E112-9149-41A7-A609-7F6E99199E6B}
	EndGlobalSection
EndGlobal
